
Microsoft Visual Studio Solution File, Format Version 12.00
# Visual Studio Version 17
VisualStudioVersion = 17.5.33530.505
MinimumVisualStudioVersion = 10.0.40219.1
Project("{9A19103F-16F7-4668-BE54-9A1E7A4F7556}") = "Task1", "Task1\Task1.csproj", "{8F087B29-D3EF-435E-8DC4-AEDCC7F3BECD}"
EndProject
Project("{9A19103F-16F7-4668-BE54-9A1E7A4F7556}") = "HomeWork2", "HomeWork2\HomeWork2.csproj", "{33460A2C-305E-472F-ACB0-04DB19CCE9A7}"
EndProject
Project("{9A19103F-16F7-4668-BE54-9A1E7A4F7556}") = "EnumHW", "EnumHW\EnumHW.csproj", "{F6F5EE7A-6AD4-43A9-9747-F571C2E18604}"
EndProject
Project("{9A19103F-16F7-4668-BE54-9A1E7A4F7556}") = "StructTusk", "StructTusk\StructTusk.csproj", "{24AD4AC4-B29C-44C0-859D-B2948626E1EF}"
EndProject
Project("{9A19103F-16F7-4668-BE54-9A1E7A4F7556}") = "HomeWork3", "HomeWork3\HomeWork3.csproj", "{588F182F-73ED-4EC0-A22F-351BE1649416}"
EndProject
Project("{9A19103F-16F7-4668-BE54-9A1E7A4F7556}") = "HM4", "HM4\HM4.csproj", "{629BB090-10D4-470A-9729-C9EDFC920866}"
EndProject
Project("{9A19103F-16F7-4668-BE54-9A1E7A4F7556}") = "HomeWork5", "HomeWork5\HomeWork5.csproj", "{F84100FD-3F6B-4E82-A28C-A83E6CE7CEA5}"
EndProject
Project("{9A19103F-16F7-4668-BE54-9A1E7A4F7556}") = "HomeWork6", "HomeWork6\HomeWork6.csproj", "{981CA85C-56BE-4065-9F64-8B889E377703}"
EndProject
Project("{FAE04EC0-301F-11D3-BF4B-00C04F79EFBC}") = "HomeWork7", "HomeWork7\HomeWork7.csproj", "{81C063A2-F1D5-4380-801B-1CE1F8C30695}"
EndProject
Global
	GlobalSection(SolutionConfigurationPlatforms) = preSolution
		Debug|Any CPU = Debug|Any CPU
		Release|Any CPU = Release|Any CPU
	EndGlobalSection
	GlobalSection(ProjectConfigurationPlatforms) = postSolution
		{8F087B29-D3EF-435E-8DC4-AEDCC7F3BECD}.Debug|Any CPU.ActiveCfg = Debug|Any CPU
		{8F087B29-D3EF-435E-8DC4-AEDCC7F3BECD}.Debug|Any CPU.Build.0 = Debug|Any CPU
		{8F087B29-D3EF-435E-8DC4-AEDCC7F3BECD}.Release|Any CPU.ActiveCfg = Release|Any CPU
		{8F087B29-D3EF-435E-8DC4-AEDCC7F3BECD}.Release|Any CPU.Build.0 = Release|Any CPU
		{33460A2C-305E-472F-ACB0-04DB19CCE9A7}.Debug|Any CPU.ActiveCfg = Debug|Any CPU
		{33460A2C-305E-472F-ACB0-04DB19CCE9A7}.Debug|Any CPU.Build.0 = Debug|Any CPU
		{33460A2C-305E-472F-ACB0-04DB19CCE9A7}.Release|Any CPU.ActiveCfg = Release|Any CPU
		{33460A2C-305E-472F-ACB0-04DB19CCE9A7}.Release|Any CPU.Build.0 = Release|Any CPU
		{F6F5EE7A-6AD4-43A9-9747-F571C2E18604}.Debug|Any CPU.ActiveCfg = Debug|Any CPU
		{F6F5EE7A-6AD4-43A9-9747-F571C2E18604}.Debug|Any CPU.Build.0 = Debug|Any CPU
		{F6F5EE7A-6AD4-43A9-9747-F571C2E18604}.Release|Any CPU.ActiveCfg = Release|Any CPU
		{F6F5EE7A-6AD4-43A9-9747-F571C2E18604}.Release|Any CPU.Build.0 = Release|Any CPU
		{24AD4AC4-B29C-44C0-859D-B2948626E1EF}.Debug|Any CPU.ActiveCfg = Debug|Any CPU
		{24AD4AC4-B29C-44C0-859D-B2948626E1EF}.Debug|Any CPU.Build.0 = Debug|Any CPU
		{24AD4AC4-B29C-44C0-859D-B2948626E1EF}.Release|Any CPU.ActiveCfg = Release|Any CPU
		{24AD4AC4-B29C-44C0-859D-B2948626E1EF}.Release|Any CPU.Build.0 = Release|Any CPU
		{588F182F-73ED-4EC0-A22F-351BE1649416}.Debug|Any CPU.ActiveCfg = Debug|Any CPU
		{588F182F-73ED-4EC0-A22F-351BE1649416}.Debug|Any CPU.Build.0 = Debug|Any CPU
		{588F182F-73ED-4EC0-A22F-351BE1649416}.Release|Any CPU.ActiveCfg = Release|Any CPU
		{588F182F-73ED-4EC0-A22F-351BE1649416}.Release|Any CPU.Build.0 = Release|Any CPU
		{629BB090-10D4-470A-9729-C9EDFC920866}.Debug|Any CPU.ActiveCfg = Debug|Any CPU
		{629BB090-10D4-470A-9729-C9EDFC920866}.Debug|Any CPU.Build.0 = Debug|Any CPU
		{629BB090-10D4-470A-9729-C9EDFC920866}.Release|Any CPU.ActiveCfg = Release|Any CPU
		{629BB090-10D4-470A-9729-C9EDFC920866}.Release|Any CPU.Build.0 = Release|Any CPU
		{F84100FD-3F6B-4E82-A28C-A83E6CE7CEA5}.Debug|Any CPU.ActiveCfg = Debug|Any CPU
		{F84100FD-3F6B-4E82-A28C-A83E6CE7CEA5}.Debug|Any CPU.Build.0 = Debug|Any CPU
		{F84100FD-3F6B-4E82-A28C-A83E6CE7CEA5}.Release|Any CPU.ActiveCfg = Release|Any CPU
		{F84100FD-3F6B-4E82-A28C-A83E6CE7CEA5}.Release|Any CPU.Build.0 = Release|Any CPU
		{981CA85C-56BE-4065-9F64-8B889E377703}.Debug|Any CPU.ActiveCfg = Debug|Any CPU
		{981CA85C-56BE-4065-9F64-8B889E377703}.Debug|Any CPU.Build.0 = Debug|Any CPU
		{981CA85C-56BE-4065-9F64-8B889E377703}.Release|Any CPU.ActiveCfg = Release|Any CPU
		{981CA85C-56BE-4065-9F64-8B889E377703}.Release|Any CPU.Build.0 = Release|Any CPU
		{81C063A2-F1D5-4380-801B-1CE1F8C30695}.Debug|Any CPU.ActiveCfg = Debug|Any CPU
		{81C063A2-F1D5-4380-801B-1CE1F8C30695}.Debug|Any CPU.Build.0 = Debug|Any CPU
		{81C063A2-F1D5-4380-801B-1CE1F8C30695}.Release|Any CPU.ActiveCfg = Release|Any CPU
		{81C063A2-F1D5-4380-801B-1CE1F8C30695}.Release|Any CPU.Build.0 = Release|Any CPU
	EndGlobalSection
	GlobalSection(SolutionProperties) = preSolution
		HideSolutionNode = FALSE
	EndGlobalSection
	GlobalSection(ExtensibilityGlobals) = postSolution
		SolutionGuid = {2121FFD4-E2A7-47CB-AF7D-A4875D627D37}
	EndGlobalSection
EndGlobal
